
Microsoft Visual Studio Solution File, Format Version 12.00
# Visual Studio 15
VisualStudioVersion = 15.0.28010.2036
MinimumVisualStudioVersion = 10.0.40219.1
Project("{FAE04EC0-301F-11D3-BF4B-00C04F79EFBC}") = "KeyValueStore", "KeyValueStore\KeyValueStore.csproj", "{984D7D81-9C4F-44A4-9501-C40C1659A8E2}"
EndProject
Project("{FAE04EC0-301F-11D3-BF4B-00C04F79EFBC}") = "ClientRead", "ClientRead\ClientRead.csproj", "{A87812F4-BF34-4C8E-9E1F-BD3534B90743}"
EndProject
Project("{FAE04EC0-301F-11D3-BF4B-00C04F79EFBC}") = "ClientWrite", "ClientWrite\ClientWrite.csproj", "{2681FE04-8322-4905-A8DA-C8407BB777EF}"
EndProject
Global
	GlobalSection(SolutionConfigurationPlatforms) = preSolution
		Debug|Any CPU = Debug|Any CPU
		Release|Any CPU = Release|Any CPU
	EndGlobalSection
	GlobalSection(ProjectConfigurationPlatforms) = postSolution
		{984D7D81-9C4F-44A4-9501-C40C1659A8E2}.Debug|Any CPU.ActiveCfg = Debug|Any CPU
		{984D7D81-9C4F-44A4-9501-C40C1659A8E2}.Debug|Any CPU.Build.0 = Debug|Any CPU
		{984D7D81-9C4F-44A4-9501-C40C1659A8E2}.Release|Any CPU.ActiveCfg = Release|Any CPU
		{984D7D81-9C4F-44A4-9501-C40C1659A8E2}.Release|Any CPU.Build.0 = Release|Any CPU
		{A87812F4-BF34-4C8E-9E1F-BD3534B90743}.Debug|Any CPU.ActiveCfg = Debug|Any CPU
		{A87812F4-BF34-4C8E-9E1F-BD3534B90743}.Debug|Any CPU.Build.0 = Debug|Any CPU
		{A87812F4-BF34-4C8E-9E1F-BD3534B90743}.Release|Any CPU.ActiveCfg = Release|Any CPU
		{A87812F4-BF34-4C8E-9E1F-BD3534B90743}.Release|Any CPU.Build.0 = Release|Any CPU
		{2681FE04-8322-4905-A8DA-C8407BB777EF}.Debug|Any CPU.ActiveCfg = Debug|Any CPU
		{2681FE04-8322-4905-A8DA-C8407BB777EF}.Debug|Any CPU.Build.0 = Debug|Any CPU
		{2681FE04-8322-4905-A8DA-C8407BB777EF}.Release|Any CPU.ActiveCfg = Release|Any CPU
		{2681FE04-8322-4905-A8DA-C8407BB777EF}.Release|Any CPU.Build.0 = Release|Any CPU
	EndGlobalSection
	GlobalSection(SolutionProperties) = preSolution
		HideSolutionNode = FALSE
	EndGlobalSection
	GlobalSection(ExtensibilityGlobals) = postSolution
		SolutionGuid = {710E3D5C-C1BD-4AB3-B014-DAECFCF08C76}
	EndGlobalSection
EndGlobal
